# This file is automatically @generated by Cargo.
# It is not intended for manual editing.
version = 4

[[package]]
name = "cabinet-adapters"
version = "0.1.0"
dependencies = [
 "cabinet-core",
 "cabinet-domain",
 "cabinet-ports",
]

[[package]]
name = "cabinet-core"
version = "0.1.0"
dependencies = [
 "cabinet-domain",
 "cabinet-ports",
 "cabinet-usecases",
]

[[package]]
name = "cabinet-desktop-shell"
version = "0.1.0"
dependencies = [
 "cabinet-platform",
]

[[package]]
name = "cabinet-domain"
version = "0.1.0"

[[package]]
name = "cabinet-platform"
version = "0.1.0"
dependencies = [
 "cabinet-adapters",
 "cabinet-core",
 "cabinet-domain",
 "cabinet-ports",
 "cabinet-usecases",
]

[[package]]
name = "cabinet-ports"
version = "0.1.0"
dependencies = [
 "cabinet-domain",
]

[[package]]
name = "cabinet-usecases"
version = "0.1.0"
dependencies = [
 "cabinet-domain",
 "cabinet-ports",
]
